
Microsoft Visual Studio Solution File, Format Version 12.00
# Visual Studio Version 17
VisualStudioVersion = 17.5.33414.496
MinimumVisualStudioVersion = 10.0.40219.1
Project("{9A19103F-16F7-4668-BE54-9A1E7A4F7556}") = "Etrade.Entity", "Etrade.Entity\Etrade.Entity.csproj", "{0A647D4A-836F-496D-A730-629118BECF5C}"
EndProject
Project("{9A19103F-16F7-4668-BE54-9A1E7A4F7556}") = "Etrade.Business", "Etrade.Business\Etrade.Business.csproj", "{844A749F-492E-4168-B1D8-E741A45DF477}"
EndProject
Project("{9A19103F-16F7-4668-BE54-9A1E7A4F7556}") = "Etrade.DAL", "Etrade.DAL\Etrade.DAL.csproj", "{22F9DAFD-1F48-4B53-834F-68D706F268BB}"
EndProject
Project("{9A19103F-16F7-4668-BE54-9A1E7A4F7556}") = "Etrade.Core", "Etrade.Core\Etrade.Core.csproj", "{804F11EA-4138-42CF-A188-5F46194486CC}"
EndProject
Project("{2150E333-8FDC-42A3-9474-1A3956D46DE8}") = "Solution Items", "Solution Items", "{DC2A85B0-EC5E-4F13-8C12-4A7E3AEC2879}"
	ProjectSection(SolutionItems) = preProject
		ReadMeSession.txt = ReadMeSession.txt
	EndProjectSection
EndProject
Project("{FAE04EC0-301F-11D3-BF4B-00C04F79EFBC}") = "Etrade.API", "Etrade.API\Etrade.API.csproj", "{F821B5E2-AA8D-4676-A300-488AA9745FC4}"
EndProject
Global
	GlobalSection(SolutionConfigurationPlatforms) = preSolution
		Debug|Any CPU = Debug|Any CPU
		Release|Any CPU = Release|Any CPU
	EndGlobalSection
	GlobalSection(ProjectConfigurationPlatforms) = postSolution
		{0A647D4A-836F-496D-A730-629118BECF5C}.Debug|Any CPU.ActiveCfg = Debug|Any CPU
		{0A647D4A-836F-496D-A730-629118BECF5C}.Debug|Any CPU.Build.0 = Debug|Any CPU
		{0A647D4A-836F-496D-A730-629118BECF5C}.Release|Any CPU.ActiveCfg = Release|Any CPU
		{0A647D4A-836F-496D-A730-629118BECF5C}.Release|Any CPU.Build.0 = Release|Any CPU
		{844A749F-492E-4168-B1D8-E741A45DF477}.Debug|Any CPU.ActiveCfg = Debug|Any CPU
		{844A749F-492E-4168-B1D8-E741A45DF477}.Debug|Any CPU.Build.0 = Debug|Any CPU
		{844A749F-492E-4168-B1D8-E741A45DF477}.Release|Any CPU.ActiveCfg = Release|Any CPU
		{844A749F-492E-4168-B1D8-E741A45DF477}.Release|Any CPU.Build.0 = Release|Any CPU
		{22F9DAFD-1F48-4B53-834F-68D706F268BB}.Debug|Any CPU.ActiveCfg = Debug|Any CPU
		{22F9DAFD-1F48-4B53-834F-68D706F268BB}.Debug|Any CPU.Build.0 = Debug|Any CPU
		{22F9DAFD-1F48-4B53-834F-68D706F268BB}.Release|Any CPU.ActiveCfg = Release|Any CPU
		{22F9DAFD-1F48-4B53-834F-68D706F268BB}.Release|Any CPU.Build.0 = Release|Any CPU
		{804F11EA-4138-42CF-A188-5F46194486CC}.Debug|Any CPU.ActiveCfg = Debug|Any CPU
		{804F11EA-4138-42CF-A188-5F46194486CC}.Debug|Any CPU.Build.0 = Debug|Any CPU
		{804F11EA-4138-42CF-A188-5F46194486CC}.Release|Any CPU.ActiveCfg = Release|Any CPU
		{804F11EA-4138-42CF-A188-5F46194486CC}.Release|Any CPU.Build.0 = Release|Any CPU
		{F821B5E2-AA8D-4676-A300-488AA9745FC4}.Debug|Any CPU.ActiveCfg = Debug|Any CPU
		{F821B5E2-AA8D-4676-A300-488AA9745FC4}.Debug|Any CPU.Build.0 = Debug|Any CPU
		{F821B5E2-AA8D-4676-A300-488AA9745FC4}.Release|Any CPU.ActiveCfg = Release|Any CPU
		{F821B5E2-AA8D-4676-A300-488AA9745FC4}.Release|Any CPU.Build.0 = Release|Any CPU
	EndGlobalSection
	GlobalSection(SolutionProperties) = preSolution
		HideSolutionNode = FALSE
	EndGlobalSection
	GlobalSection(ExtensibilityGlobals) = postSolution
		SolutionGuid = {A8F34285-8896-4B98-AFC7-105E248866AC}
	EndGlobalSection
EndGlobal
